PODS:
  - UICircularProgressRing (6.3.0)

DEPENDENCIES:
  - UICircularProgressRing

SPEC REPOS:
  https://github.com/cocoapods/specs.git:
    - UICircularProgressRing

SPEC CHECKSUMS:
  UICircularProgressRing: e700fb0505328e88ee53c4ed92bee6d1a5b8bbe3

PODFILE CHECKSUM: 38622270296d223fe9d3425c2e50c54213dd1d51

COCOAPODS: 1.7.5
