PODS:
  - HELargeCenterTabBarController (2.1.0)

DEPENDENCIES:
  - HELargeCenterTabBarController

SPEC REPOS:
  https://github.com/cocoapods/specs.git:
    - HELargeCenterTabBarController

SPEC CHECKSUMS:
  HELargeCenterTabBarController: 3a3656061a3b04f02e5b183b966c6881bdb0ec18

PODFILE CHECKSUM: 0e672796db9d43fb6a63ebb282ea8df6242ffdf3

COCOAPODS: 1.7.5
