// !$*UTF8*$!
{
	archiveVersion = 1;
	classes = {
	};
	objectVersion = 50;
	objects = {

/* Begin PBXBuildFile section */
		E4C4515D22E2F5400035C4A6 /* onigiri_go_swiftTests.swift in Sources */ = {isa = PBXBuildFile; fileRef = E4C4515C22E2F5400035C4A6 /* onigiri_go_swiftTests.swift */; };
		E4C4516822E2F5400035C4A6 /* onigiri_go_swiftUITests.swift in Sources */ = {isa = PBXBuildFile; fileRef = E4C4516722E2F5400035C4A6 /* onigiri_go_swiftUITests.swift */; };
		E4C4518022E31B9F0035C4A6 /* HomeTabViewController.swift in Sources */ = {isa = PBXBuildFile; fileRef = E4C4517822E31B9E0035C4A6 /* HomeTabViewController.swift */; };
		E4C4518122E31B9F0035C4A6 /* AppDelegate.swift in Sources */ = {isa = PBXBuildFile; fileRef = E4C4517A22E31B9E0035C4A6 /* AppDelegate.swift */; };
		E4C4518822E324FC0035C4A6 /* HomeViewController.swift in Sources */ = {isa = PBXBuildFile; fileRef = E4C4518722E324FC0035C4A6 /* HomeViewController.swift */; };
		E4C4518A22E325A30035C4A6 /* ReportViewController.swift in Sources */ = {isa = PBXBuildFile; fileRef = E4C4518922E325A30035C4A6 /* ReportViewController.swift */; };
		E4C4519322E60FF60035C4A6 /* CustomUIColor.swift in Sources */ = {isa = PBXBuildFile; fileRef = E4C4519222E60FF60035C4A6 /* CustomUIColor.swift */; };
		E4C4519522E6113A0035C4A6 /* Assets.xcassets in Resources */ = {isa = PBXBuildFile; fileRef = E4C4519422E6113A0035C4A6 /* Assets.xcassets */; };
/* End PBXBuildFile section */

/* Begin PBXContainerItemProxy section */
		E4C4515922E2F5400035C4A6 /* PBXContainerItemProxy */ = {
			isa = PBXContainerItemProxy;
			containerPortal = E4C4513C22E2F53F0035C4A6 /* Project object */;
			proxyType = 1;
			remoteGlobalIDString = E4C4514322E2F53F0035C4A6;
			remoteInfo = "onigiri-go-swift";
		};
		E4C4516422E2F5400035C4A6 /* PBXContainerItemProxy */ = {
			isa = PBXContainerItemProxy;
			containerPortal = E4C4513C22E2F53F0035C4A6 /* Project object */;
			proxyType = 1;
			remoteGlobalIDString = E4C4514322E2F53F0035C4A6;
			remoteInfo = "onigiri-go-swift";
		};
/* End PBXContainerItemProxy section */

/* Begin PBXFileReference section */
		E4C4514422E2F53F0035C4A6 /* onigiri-go-swift.app */ = {isa = PBXFileReference; explicitFileType = wrapper.application; includeInIndex = 0; path = "onigiri-go-swift.app"; sourceTree = BUILT_PRODUCTS_DIR; };
		E4C4515822E2F5400035C4A6 /* onigiri-go-swiftTests.xctest */ = {isa = PBXFileReference; explicitFileType = wrapper.cfbundle; includeInIndex = 0; path = "onigiri-go-swiftTests.xctest"; sourceTree = BUILT_PRODUCTS_DIR; };
		E4C4515C22E2F5400035C4A6 /* onigiri_go_swiftTests.swift */ = {isa = PBXFileReference; lastKnownFileType = sourcecode.swift; path = onigiri_go_swiftTests.swift; sourceTree = "<group>"; };
		E4C4515E22E2F5400035C4A6 /* Info.plist */ = {isa = PBXFileReference; lastKnownFileType = text.plist.xml; path = Info.plist; sourceTree = "<group>"; };
		E4C4516322E2F5400035C4A6 /* onigiri-go-swiftUITests.xctest */ = {isa = PBXFileReference; explicitFileType = wrapper.cfbundle; includeInIndex = 0; path = "onigiri-go-swiftUITests.xctest"; sourceTree = BUILT_PRODUCTS_DIR; };
		E4C4516722E2F5400035C4A6 /* onigiri_go_swiftUITests.swift */ = {isa = PBXFileReference; lastKnownFileType = sourcecode.swift; path = onigiri_go_swiftUITests.swift; sourceTree = "<group>"; };
		E4C4516922E2F5400035C4A6 /* Info.plist */ = {isa = PBXFileReference; lastKnownFileType = text.plist.xml; path = Info.plist; sourceTree = "<group>"; };
		E4C4517822E31B9E0035C4A6 /* HomeTabViewController.swift */ = {isa = PBXFileReference; fileEncoding = 4; lastKnownFileType = sourcecode.swift; path = HomeTabViewController.swift; sourceTree = "<group>"; };
		E4C4517A22E31B9E0035C4A6 /* AppDelegate.swift */ = {isa = PBXFileReference; fileEncoding = 4; lastKnownFileType = sourcecode.swift; path = AppDelegate.swift; sourceTree = "<group>"; };
		E4C4517F22E31B9E0035C4A6 /* Info.plist */ = {isa = PBXFileReference; fileEncoding = 4; lastKnownFileType = text.plist.xml; path = Info.plist; sourceTree = "<group>"; };
		E4C4518722E324FC0035C4A6 /* HomeViewController.swift */ = {isa = PBXFileReference; lastKnownFileType = sourcecode.swift; path = HomeViewController.swift; sourceTree = "<group>"; };
		E4C4518922E325A30035C4A6 /* ReportViewController.swift */ = {isa = PBXFileReference; lastKnownFileType = sourcecode.swift; path = ReportViewController.swift; sourceTree = "<group>"; };
		E4C4519222E60FF60035C4A6 /* CustomUIColor.swift */ = {isa = PBXFileReference; lastKnownFileType = sourcecode.swift; path = CustomUIColor.swift; sourceTree = "<group>"; };
		E4C4519422E6113A0035C4A6 /* Assets.xcassets */ = {isa = PBXFileReference; lastKnownFileType = folder.assetcatalog; path = Assets.xcassets; sourceTree = "<group>"; };
/* End PBXFileReference section */

/* Begin PBXFrameworksBuildPhase section */
		E4C4514122E2F53F0035C4A6 /* Frameworks */ = {
			isa = PBXFrameworksBuildPhase;
			buildActionMask = 2147483647;
			files = (
			);
			runOnlyForDeploymentPostprocessing = 0;
		};
		E4C4515522E2F5400035C4A6 /* Frameworks */ = {
			isa = PBXFrameworksBuildPhase;
			buildActionMask = 2147483647;
			files = (
			);
			runOnlyForDeploymentPostprocessing = 0;
		};
		E4C4516022E2F5400035C4A6 /* Frameworks */ = {
			isa = PBXFrameworksBuildPhase;
			buildActionMask = 2147483647;
			files = (
			);
			runOnlyForDeploymentPostprocessing = 0;
		};
/* End PBXFrameworksBuildPhase section */

/* Begin PBXGroup section */
		E4C4513B22E2F53F0035C4A6 = {
			isa = PBXGroup;
			children = (
				E4C4517522E31B9E0035C4A6 /* onigiri-go-swift */,
				E4C4515B22E2F5400035C4A6 /* onigiri-go-swiftTests */,
				E4C4516622E2F5400035C4A6 /* onigiri-go-swiftUITests */,
				E4C4514522E2F53F0035C4A6 /* Products */,
			);
			sourceTree = "<group>";
		};
		E4C4514522E2F53F0035C4A6 /* Products */ = {
			isa = PBXGroup;
			children = (
				E4C4514422E2F53F0035C4A6 /* onigiri-go-swift.app */,
				E4C4515822E2F5400035C4A6 /* onigiri-go-swiftTests.xctest */,
				E4C4516322E2F5400035C4A6 /* onigiri-go-swiftUITests.xctest */,
			);
			name = Products;
			sourceTree = "<group>";
		};
		E4C4515B22E2F5400035C4A6 /* onigiri-go-swiftTests */ = {
			isa = PBXGroup;
			children = (
				E4C4515C22E2F5400035C4A6 /* onigiri_go_swiftTests.swift */,
				E4C4515E22E2F5400035C4A6 /* Info.plist */,
			);
			path = "onigiri-go-swiftTests";
			sourceTree = "<group>";
		};
		E4C4516622E2F5400035C4A6 /* onigiri-go-swiftUITests */ = {
			isa = PBXGroup;
			children = (
				E4C4516722E2F5400035C4A6 /* onigiri_go_swiftUITests.swift */,
				E4C4516922E2F5400035C4A6 /* Info.plist */,
			);
			path = "onigiri-go-swiftUITests";
			sourceTree = "<group>";
		};
		E4C4517522E31B9E0035C4A6 /* onigiri-go-swift */ = {
			isa = PBXGroup;
			children = (
				E4C4517622E31B9E0035C4A6 /* App */,
				E4C4517D22E31B9E0035C4A6 /* Resources */,
			);
			path = "onigiri-go-swift";
			sourceTree = "<group>";
		};
		E4C4517622E31B9E0035C4A6 /* App */ = {
			isa = PBXGroup;
			children = (
				E4C4519122E60FD60035C4A6 /* utility */,
				E4C4517722E31B9E0035C4A6 /* Home */,
				E4C4517922E31B9E0035C4A6 /* gateways */,
				E4C4517A22E31B9E0035C4A6 /* AppDelegate.swift */,
				E4C4517B22E31B9E0035C4A6 /* Setting */,
				E4C4517C22E31B9E0035C4A6 /* Workout */,
			);
			path = App;
			sourceTree = "<group>";
		};
		E4C4517722E31B9E0035C4A6 /* Home */ = {
			isa = PBXGroup;
			children = (
				E4C4517822E31B9E0035C4A6 /* HomeTabViewController.swift */,
				E4C4518722E324FC0035C4A6 /* HomeViewController.swift */,
				E4C4518922E325A30035C4A6 /* ReportViewController.swift */,
			);
			path = Home;
			sourceTree = "<group>";
		};
		E4C4517922E31B9E0035C4A6 /* gateways */ = {
			isa = PBXGroup;
			children = (
			);
			path = gateways;
			sourceTree = "<group>";
		};
		E4C4517B22E31B9E0035C4A6 /* Setting */ = {
			isa = PBXGroup;
			children = (
			);
			path = Setting;
			sourceTree = "<group>";
		};
		E4C4517C22E31B9E0035C4A6 /* Workout */ = {
			isa = PBXGroup;
			children = (
			);
			path = Workout;
			sourceTree = "<group>";
		};
		E4C4517D22E31B9E0035C4A6 /* Resources */ = {
			isa = PBXGroup;
			children = (
				E4C4519422E6113A0035C4A6 /* Assets.xcassets */,
				E4C4517F22E31B9E0035C4A6 /* Info.plist */,
			);
			path = Resources;
			sourceTree = "<group>";
		};
		E4C4519122E60FD60035C4A6 /* utility */ = {
			isa = PBXGroup;
			children = (
				E4C4519222E60FF60035C4A6 /* CustomUIColor.swift */,
			);
			name = utility;
			path = "onigiri-go-swift/App/utility";
			sourceTree = SOURCE_ROOT;
		};
/* End PBXGroup section */

/* Begin PBXNativeTarget section */
		E4C4514322E2F53F0035C4A6 /* onigiri-go-swift */ = {
			isa = PBXNativeTarget;
			buildConfigurationList = E4C4516C22E2F5400035C4A6 /* Build configuration list for PBXNativeTarget "onigiri-go-swift" */;
			buildPhases = (
				E4C4514022E2F53F0035C4A6 /* Sources */,
				E4C4514122E2F53F0035C4A6 /* Frameworks */,
				E4C4514222E2F53F0035C4A6 /* Resources */,
			);
			buildRules = (
			);
			dependencies = (
			);
			name = "onigiri-go-swift";
			productName = "onigiri-go-swift";
			productReference = E4C4514422E2F53F0035C4A6 /* onigiri-go-swift.app */;
			productType = "com.apple.product-type.application";
		};
		E4C4515722E2F5400035C4A6 /* onigiri-go-swiftTests */ = {
			isa = PBXNativeTarget;
			buildConfigurationList = E4C4516F22E2F5400035C4A6 /* Build configuration list for PBXNativeTarget "onigiri-go-swiftTests" */;
			buildPhases = (
				E4C4515422E2F5400035C4A6 /* Sources */,
				E4C4515522E2F5400035C4A6 /* Frameworks */,
				E4C4515622E2F5400035C4A6 /* Resources */,
			);
			buildRules = (
			);
			dependencies = (
				E4C4515A22E2F5400035C4A6 /* PBXTargetDependency */,
			);
			name = "onigiri-go-swiftTests";
			productName = "onigiri-go-swiftTests";
			productReference = E4C4515822E2F5400035C4A6 /* onigiri-go-swiftTests.xctest */;
			productType = "com.apple.product-type.bundle.unit-test";
		};
		E4C4516222E2F5400035C4A6 /* onigiri-go-swiftUITests */ = {
			isa = PBXNativeTarget;
			buildConfigurationList = E4C4517222E2F5400035C4A6 /* Build configuration list for PBXNativeTarget "onigiri-go-swiftUITests" */;
			buildPhases = (
				E4C4515F22E2F5400035C4A6 /* Sources */,
				E4C4516022E2F5400035C4A6 /* Frameworks */,
				E4C4516122E2F5400035C4A6 /* Resources */,
			);
			buildRules = (
			);
			dependencies = (
				E4C4516522E2F5400035C4A6 /* PBXTargetDependency */,
			);
			name = "onigiri-go-swiftUITests";
			productName = "onigiri-go-swiftUITests";
			productReference = E4C4516322E2F5400035C4A6 /* onigiri-go-swiftUITests.xctest */;
			productType = "com.apple.product-type.bundle.ui-testing";
		};
/* End PBXNativeTarget section */

/* Begin PBXProject section */
		E4C4513C22E2F53F0035C4A6 /* Project object */ = {
			isa = PBXProject;
			attributes = {
				LastSwiftUpdateCheck = 1020;
				LastUpgradeCheck = 1020;
				ORGANIZATIONNAME = "Sho Kawasaki";
				TargetAttributes = {
					E4C4514322E2F53F0035C4A6 = {
						CreatedOnToolsVersion = 10.2.1;
					};
					E4C4515722E2F5400035C4A6 = {
						CreatedOnToolsVersion = 10.2.1;
						TestTargetID = E4C4514322E2F53F0035C4A6;
					};
					E4C4516222E2F5400035C4A6 = {
						CreatedOnToolsVersion = 10.2.1;
						TestTargetID = E4C4514322E2F53F0035C4A6;
					};
				};
			};
			buildConfigurationList = E4C4513F22E2F53F0035C4A6 /* Build configuration list for PBXProject "onigiri-go-swift" */;
			compatibilityVersion = "Xcode 9.3";
			developmentRegion = en;
			hasScannedForEncodings = 0;
			knownRegions = (
				en,
				Base,
			);
			mainGroup = E4C4513B22E2F53F0035C4A6;
			productRefGroup = E4C4514522E2F53F0035C4A6 /* Products */;
			projectDirPath = "";
			projectRoot = "";
			targets = (
				E4C4514322E2F53F0035C4A6 /* onigiri-go-swift */,
				E4C4515722E2F5400035C4A6 /* onigiri-go-swiftTests */,
				E4C4516222E2F5400035C4A6 /* onigiri-go-swiftUITests */,
			);
		};
/* End PBXProject section */

/* Begin PBXResourcesBuildPhase section */
		E4C4514222E2F53F0035C4A6 /* Resources */ = {
			isa = PBXResourcesBuildPhase;
			buildActionMask = 2147483647;
			files = (
				E4C4519522E6113A0035C4A6 /* Assets.xcassets in Resources */,
			);
			runOnlyForDeploymentPostprocessing = 0;
		};
		E4C4515622E2F5400035C4A6 /* Resources */ = {
			isa = PBXResourcesBuildPhase;
			buildActionMask = 2147483647;
			files = (
			);
			runOnlyForDeploymentPostprocessing = 0;
		};
		E4C4516122E2F5400035C4A6 /* Resources */ = {
			isa = PBXResourcesBuildPhase;
			buildActionMask = 2147483647;
			files = (
			);
			runOnlyForDeploymentPostprocessing = 0;
		};
/* End PBXResourcesBuildPhase section */

/* Begin PBXSourcesBuildPhase section */
		E4C4514022E2F53F0035C4A6 /* Sources */ = {
			isa = PBXSourcesBuildPhase;
			buildActionMask = 2147483647;
			files = (
				E4C4519322E60FF60035C4A6 /* CustomUIColor.swift in Sources */,
				E4C4518A22E325A30035C4A6 /* ReportViewController.swift in Sources */,
				E4C4518122E31B9F0035C4A6 /* AppDelegate.swift in Sources */,
				E4C4518022E31B9F0035C4A6 /* HomeTabViewController.swift in Sources */,
				E4C4518822E324FC0035C4A6 /* HomeViewController.swift in Sources */,
			);
			runOnlyForDeploymentPostprocessing = 0;
		};
		E4C4515422E2F5400035C4A6 /* Sources */ = {
			isa = PBXSourcesBuildPhase;
			buildActionMask = 2147483647;
			files = (
				E4C4515D22E2F5400035C4A6 /* onigiri_go_swiftTests.swift in Sources */,
			);
			runOnlyForDeploymentPostprocessing = 0;
		};
		E4C4515F22E2F5400035C4A6 /* Sources */ = {
			isa = PBXSourcesBuildPhase;
			buildActionMask = 2147483647;
			files = (
				E4C4516822E2F5400035C4A6 /* onigiri_go_swiftUITests.swift in Sources */,
			);
			runOnlyForDeploymentPostprocessing = 0;
		};
/* End PBXSourcesBuildPhase section */

/* Begin PBXTargetDependency section */
		E4C4515A22E2F5400035C4A6 /* PBXTargetDependency */ = {
			isa = PBXTargetDependency;
			target = E4C4514322E2F53F0035C4A6 /* onigiri-go-swift */;
			targetProxy = E4C4515922E2F5400035C4A6 /* PBXContainerItemProxy */;
		};
		E4C4516522E2F5400035C4A6 /* PBXTargetDependency */ = {
			isa = PBXTargetDependency;
			target = E4C4514322E2F53F0035C4A6 /* onigiri-go-swift */;
			targetProxy = E4C4516422E2F5400035C4A6 /* PBXContainerItemProxy */;
		};
/* End PBXTargetDependency section */

/* Begin XCBuildConfiguration section */
		E4C4516A22E2F5400035C4A6 /* Debug */ = {
			isa = XCBuildConfiguration;
			buildSettings = {
				ALWAYS_SEARCH_USER_PATHS = NO;
				CLANG_ANALYZER_NONNULL = YES;
				CLANG_ANALYZER_NUMBER_OBJECT_CONVERSION = YES_AGGRESSIVE;
				CLANG_CXX_LANGUAGE_STANDARD = "gnu++14";
				CLANG_CXX_LIBRARY = "libc++";
				CLANG_ENABLE_MODULES = YES;
				CLANG_ENABLE_OBJC_ARC = YES;
				CLANG_ENABLE_OBJC_WEAK = YES;
				CLANG_WARN_BLOCK_CAPTURE_AUTORELEASING = YES;
				CLANG_WARN_BOOL_CONVERSION = YES;
				CLANG_WARN_COMMA = YES;
				CLANG_WARN_CONSTANT_CONVERSION = YES;
				CLANG_WARN_DEPRECATED_OBJC_IMPLEMENTATIONS = YES;
				CLANG_WARN_DIRECT_OBJC_ISA_USAGE = YES_ERROR;
				CLANG_WARN_DOCUMENTATION_COMMENTS = YES;
				CLANG_WARN_EMPTY_BODY = YES;
				CLANG_WARN_ENUM_CONVERSION = YES;
				CLANG_WARN_INFINITE_RECURSION = YES;
				CLANG_WARN_INT_CONVERSION = YES;
				CLANG_WARN_NON_LITERAL_NULL_CONVERSION = YES;
				CLANG_WARN_OBJC_IMPLICIT_RETAIN_SELF = YES;
				CLANG_WARN_OBJC_LITERAL_CONVERSION = YES;
				CLANG_WARN_OBJC_ROOT_CLASS = YES_ERROR;
				CLANG_WARN_RANGE_LOOP_ANALYSIS = YES;
				CLANG_WARN_STRICT_PROTOTYPES = YES;
				CLANG_WARN_SUSPICIOUS_MOVE = YES;
				CLANG_WARN_UNGUARDED_AVAILABILITY = YES_AGGRESSIVE;
				CLANG_WARN_UNREACHABLE_CODE = YES;
				CLANG_WARN__DUPLICATE_METHOD_MATCH = YES;
				CODE_SIGN_IDENTITY = "iPhone Developer";
				COPY_PHASE_STRIP = NO;
				DEBUG_INFORMATION_FORMAT = dwarf;
				ENABLE_STRICT_OBJC_MSGSEND = YES;
				ENABLE_TESTABILITY = YES;
				GCC_C_LANGUAGE_STANDARD = gnu11;
				GCC_DYNAMIC_NO_PIC = NO;
				GCC_NO_COMMON_BLOCKS = YES;
				GCC_OPTIMIZATION_LEVEL = 0;
				GCC_PREPROCESSOR_DEFINITIONS = (
					"DEBUG=1",
					"$(inherited)",
				);
				GCC_WARN_64_TO_32_BIT_CONVERSION = YES;
				GCC_WARN_ABOUT_RETURN_TYPE = YES_ERROR;
				GCC_WARN_UNDECLARED_SELECTOR = YES;
				GCC_WARN_UNINITIALIZED_AUTOS = YES_AGGRESSIVE;
				GCC_WARN_UNUSED_FUNCTION = YES;
				GCC_WARN_UNUSED_VARIABLE = YES;
				IPHONEOS_DEPLOYMENT_TARGET = 12.2;
				MTL_ENABLE_DEBUG_INFO = INCLUDE_SOURCE;
				MTL_FAST_MATH = YES;
				ONLY_ACTIVE_ARCH = YES;
				SDKROOT = iphoneos;
				SWIFT_ACTIVE_COMPILATION_CONDITIONS = DEBUG;
				SWIFT_OPTIMIZATION_LEVEL = "-Onone";
			};
			name = Debug;
		};
		E4C4516B22E2F5400035C4A6 /* Release */ = {
			isa = XCBuildConfiguration;
			buildSettings = {
				ALWAYS_SEARCH_USER_PATHS = NO;
				CLANG_ANALYZER_NONNULL = YES;
				CLANG_ANALYZER_NUMBER_OBJECT_CONVERSION = YES_AGGRESSIVE;
				CLANG_CXX_LANGUAGE_STANDARD = "gnu++14";
				CLANG_CXX_LIBRARY = "libc++";
				CLANG_ENABLE_MODULES = YES;
				CLANG_ENABLE_OBJC_ARC = YES;
				CLANG_ENABLE_OBJC_WEAK = YES;
				CLANG_WARN_BLOCK_CAPTURE_AUTORELEASING = YES;
				CLANG_WARN_BOOL_CONVERSION = YES;
				CLANG_WARN_COMMA = YES;
				CLANG_WARN_CONSTANT_CONVERSION = YES;
				CLANG_WARN_DEPRECATED_OBJC_IMPLEMENTATIONS = YES;
				CLANG_WARN_DIRECT_OBJC_ISA_USAGE = YES_ERROR;
				CLANG_WARN_DOCUMENTATION_COMMENTS = YES;
				CLANG_WARN_EMPTY_BODY = YES;
				CLANG_WARN_ENUM_CONVERSION = YES;
				CLANG_WARN_INFINITE_RECURSION = YES;
				CLANG_WARN_INT_CONVERSION = YES;
				CLANG_WARN_NON_LITERAL_NULL_CONVERSION = YES;
				CLANG_WARN_OBJC_IMPLICIT_RETAIN_SELF = YES;
				CLANG_WARN_OBJC_LITERAL_CONVERSION = YES;
				CLANG_WARN_OBJC_ROOT_CLASS = YES_ERROR;
				CLANG_WARN_RANGE_LOOP_ANALYSIS = YES;
				CLANG_WARN_STRICT_PROTOTYPES = YES;
				CLANG_WARN_SUSPICIOUS_MOVE = YES;
				CLANG_WARN_UNGUARDED_AVAILABILITY = YES_AGGRESSIVE;
				CLANG_WARN_UNREACHABLE_CODE = YES;
				CLANG_WARN__DUPLICATE_METHOD_MATCH = YES;
				CODE_SIGN_IDENTITY = "iPhone Developer";
				COPY_PHASE_STRIP = NO;
				DEBUG_INFORMATION_FORMAT = "dwarf-with-dsym";
				ENABLE_NS_ASSERTIONS = NO;
				ENABLE_STRICT_OBJC_MSGSEND = YES;
				GCC_C_LANGUAGE_STANDARD = gnu11;
				GCC_NO_COMMON_BLOCKS = YES;
				GCC_WARN_64_TO_32_BIT_CONVERSION = YES;
				GCC_WARN_ABOUT_RETURN_TYPE = YES_ERROR;
				GCC_WARN_UNDECLARED_SELECTOR = YES;
				GCC_WARN_UNINITIALIZED_AUTOS = YES_AGGRESSIVE;
				GCC_WARN_UNUSED_FUNCTION = YES;
				GCC_WARN_UNUSED_VARIABLE = YES;
				IPHONEOS_DEPLOYMENT_TARGET = 12.2;
				MTL_ENABLE_DEBUG_INFO = NO;
				MTL_FAST_MATH = YES;
				SDKROOT = iphoneos;
				SWIFT_COMPILATION_MODE = wholemodule;
				SWIFT_OPTIMIZATION_LEVEL = "-O";
				VALIDATE_PRODUCT = YES;
			};
			name = Release;
		};
		E4C4516D22E2F5400035C4A6 /* Debug */ = {
			isa = XCBuildConfiguration;
			buildSettings = {
				ASSETCATALOG_COMPILER_APPICON_NAME = AppIcon;
				CODE_SIGN_STYLE = Automatic;
				INFOPLIST_FILE = "$(SRCROOT)/onigiri-go-swift/Resources/Info.plist";
				LD_RUNPATH_SEARCH_PATHS = (
					"$(inherited)",
					"@executable_path/Frameworks",
				);
				PRODUCT_BUNDLE_IDENTIFIER = "ai-sho-app.onigiri-go-swift";
				PRODUCT_NAME = "$(TARGET_NAME)";
				SWIFT_VERSION = 5.0;
				TARGETED_DEVICE_FAMILY = "1,2";
			};
			name = Debug;
		};
		E4C4516E22E2F5400035C4A6 /* Release */ = {
			isa = XCBuildConfiguration;
			buildSettings = {
				ASSETCATALOG_COMPILER_APPICON_NAME = AppIcon;
				CODE_SIGN_STYLE = Automatic;
				INFOPLIST_FILE = "$(SRCROOT)/onigiri-go-swift/Resources/Info.plist";
				LD_RUNPATH_SEARCH_PATHS = (
					"$(inherited)",
					"@executable_path/Frameworks",
				);
				PRODUCT_BUNDLE_IDENTIFIER = "ai-sho-app.onigiri-go-swift";
				PRODUCT_NAME = "$(TARGET_NAME)";
				SWIFT_VERSION = 5.0;
				TARGETED_DEVICE_FAMILY = "1,2";
			};
			name = Release;
		};
		E4C4517022E2F5400035C4A6 /* Debug */ = {
			isa = XCBuildConfiguration;
			buildSettings = {
				ALWAYS_EMBED_SWIFT_STANDARD_LIBRARIES = YES;
				BUNDLE_LOADER = "$(TEST_HOST)";
				CODE_SIGN_STYLE = Automatic;
				INFOPLIST_FILE = "onigiri-go-swiftTests/Info.plist";
				LD_RUNPATH_SEARCH_PATHS = (
					"$(inherited)",
					"@executable_path/Frameworks",
					"@loader_path/Frameworks",
				);
				PRODUCT_BUNDLE_IDENTIFIER = "ai-sho-app.onigiri-go-swiftTests";
				PRODUCT_NAME = "$(TARGET_NAME)";
				SWIFT_VERSION = 5.0;
				TARGETED_DEVICE_FAMILY = "1,2";
				TEST_HOST = "$(BUILT_PRODUCTS_DIR)/onigiri-go-swift.app/onigiri-go-swift";
			};
			name = Debug;
		};
		E4C4517122E2F5400035C4A6 /* Release */ = {
			isa = XCBuildConfiguration;
			buildSettings = {
				ALWAYS_EMBED_SWIFT_STANDARD_LIBRARIES = YES;
				BUNDLE_LOADER = "$(TEST_HOST)";
				CODE_SIGN_STYLE = Automatic;
				INFOPLIST_FILE = "onigiri-go-swiftTests/Info.plist";
				LD_RUNPATH_SEARCH_PATHS = (
					"$(inherited)",
					"@executable_path/Frameworks",
					"@loader_path/Frameworks",
				);
				PRODUCT_BUNDLE_IDENTIFIER = "ai-sho-app.onigiri-go-swiftTests";
				PRODUCT_NAME = "$(TARGET_NAME)";
				SWIFT_VERSION = 5.0;
				TARGETED_DEVICE_FAMILY = "1,2";
				TEST_HOST = "$(BUILT_PRODUCTS_DIR)/onigiri-go-swift.app/onigiri-go-swift";
			};
			name = Release;
		};
		E4C4517322E2F5400035C4A6 /* Debug */ = {
			isa = XCBuildConfiguration;
			buildSettings = {
				ALWAYS_EMBED_SWIFT_STANDARD_LIBRARIES = YES;
				CODE_SIGN_STYLE = Automatic;
				INFOPLIST_FILE = "onigiri-go-swiftUITests/Info.plist";
				LD_RUNPATH_SEARCH_PATHS = (
					"$(inherited)",
					"@executable_path/Frameworks",
					"@loader_path/Frameworks",
				);
				PRODUCT_BUNDLE_IDENTIFIER = "ai-sho-app.onigiri-go-swiftUITests";
				PRODUCT_NAME = "$(TARGET_NAME)";
				SWIFT_VERSION = 5.0;
				TARGETED_DEVICE_FAMILY = "1,2";
				TEST_TARGET_NAME = "onigiri-go-swift";
			};
			name = Debug;
		};
		E4C4517422E2F5400035C4A6 /* Release */ = {
			isa = XCBuildConfiguration;
			buildSettings = {
				ALWAYS_EMBED_SWIFT_STANDARD_LIBRARIES = YES;
				CODE_SIGN_STYLE = Automatic;
				INFOPLIST_FILE = "onigiri-go-swiftUITests/Info.plist";
				LD_RUNPATH_SEARCH_PATHS = (
					"$(inherited)",
					"@executable_path/Frameworks",
					"@loader_path/Frameworks",
				);
				PRODUCT_BUNDLE_IDENTIFIER = "ai-sho-app.onigiri-go-swiftUITests";
				PRODUCT_NAME = "$(TARGET_NAME)";
				SWIFT_VERSION = 5.0;
				TARGETED_DEVICE_FAMILY = "1,2";
				TEST_TARGET_NAME = "onigiri-go-swift";
			};
			name = Release;
		};
/* End XCBuildConfiguration section */

/* Begin XCConfigurationList section */
		E4C4513F22E2F53F0035C4A6 /* Build configuration list for PBXProject "onigiri-go-swift" */ = {
			isa = XCConfigurationList;
			buildConfigurations = (
				E4C4516A22E2F5400035C4A6 /* Debug */,
				E4C4516B22E2F5400035C4A6 /* Release */,
			);
			defaultConfigurationIsVisible = 0;
			defaultConfigurationName = Release;
		};
		E4C4516C22E2F5400035C4A6 /* Build configuration list for PBXNativeTarget "onigiri-go-swift" */ = {
			isa = XCConfigurationList;
			buildConfigurations = (
				E4C4516D22E2F5400035C4A6 /* Debug */,
				E4C4516E22E2F5400035C4A6 /* Release */,
			);
			defaultConfigurationIsVisible = 0;
			defaultConfigurationName = Release;
		};
		E4C4516F22E2F5400035C4A6 /* Build configuration list for PBXNativeTarget "onigiri-go-swiftTests" */ = {
			isa = XCConfigurationList;
			buildConfigurations = (
				E4C4517022E2F5400035C4A6 /* Debug */,
				E4C4517122E2F5400035C4A6 /* Release */,
			);
			defaultConfigurationIsVisible = 0;
			defaultConfigurationName = Release;
		};
		E4C4517222E2F5400035C4A6 /* Build configuration list for PBXNativeTarget "onigiri-go-swiftUITests" */ = {
			isa = XCConfigurationList;
			buildConfigurations = (
				E4C4517322E2F5400035C4A6 /* Debug */,
				E4C4517422E2F5400035C4A6 /* Release */,
			);
			defaultConfigurationIsVisible = 0;
			defaultConfigurationName = Release;
		};
/* End XCConfigurationList section */
	};
	rootObject = E4C4513C22E2F53F0035C4A6 /* Project object */;
}
